[[package]]
category = "main"
description = "A small Python module for determining appropriate platform-specific dirs, e.g. a \"user data dir\"."
name = "appdirs"
optional = false
python-versions = "*"
version = "1.4.3"

[[package]]
category = "main"
description = "Commons"
name = "cjk-commons"
optional = false
python-versions = ">=3.7,<4.0"
version = "3.3.2"

[package.dependencies]
PyYAML = ">=5.1,<6.0"
appdirs = ">=1.4,<2.0"
yodl = ">=1.0,<2.0"

[[package]]
category = "main"
description = "Commons for 1C:Enterprise"
name = "commons-1c"
optional = false
python-versions = ">=3.7,<4.0"
version = "3.1.1"

[package.dependencies]
appdirs = ">=1.4,<2.0"
cjk-commons = ">=3.3,<4.0"

[[package]]
category = "main"
description = "YAML parser and emitter for Python"
name = "pyyaml"
optional = false
python-versions = "*"
version = "5.1"

[[package]]
category = "main"
description = "UNKNOWN"
name = "yodl"
optional = false
python-versions = "*"
version = "1.0.0"

[package.dependencies]
PyYAML = ">=3.09"

[metadata]
content-hash = "7ad4c9560fd657830efb9059c2684f948fd33c6f58aaeb174234369a8a8f5fa0"
python-versions = "^3.7"

[metadata.hashes]
appdirs = ["9e5896d1372858f8dd3344faf4e5014d21849c756c8d5701f78f8a103b372d92", "d8b24664561d0d34ddfaec54636d502d7cea6e29c3eaf68f3df6180863e2166e"]
cjk-commons = ["cd4b05af261b7a3b08946bc99da0c7d5dad5bceffad4ed39b4a51ca49ec265e0", "ebf5ce75fae42b32a46444daa7068fdc2286d8a4fac892b8d2dacb23ee278131"]
commons-1c = ["5a6234fa1c6ae3dcb51ecaf701202e58a2804c9b8768defd66d0c4dcf3b49fde", "8bd2fd23dee15b32bdb7ab8d466cc16a5ffb81bef1e1224f676e535ff1dad930"]
pyyaml = ["1adecc22f88d38052fb787d959f003811ca858b799590a5eaa70e63dca50308c", "436bc774ecf7c103814098159fbb84c2715d25980175292c648f2da143909f95", "460a5a4248763f6f37ea225d19d5c205677d8d525f6a83357ca622ed541830c2", "5a22a9c84653debfbf198d02fe592c176ea548cccce47553f35f466e15cf2fd4", "7a5d3f26b89d688db27822343dfa25c599627bc92093e788956372285c6298ad", "9372b04a02080752d9e6f990179a4ab840227c6e2ce15b95e1278456664cf2ba", "a5dcbebee834eaddf3fa7366316b880ff4062e4bcc9787b78c7fbb4a26ff2dd1", "aee5bab92a176e7cd034e57f46e9df9a9862a71f8f37cad167c6fc74c65f5b4e", "c51f642898c0bacd335fc119da60baae0824f2cde95b0330b56c0553439f0673", "c68ea4d3ba1705da1e0d85da6684ac657912679a649e8868bd850d2c299cce13", "e23d0cc5299223dcc37885dae624f382297717e459ea24053709675a976a3e19"]
yodl = ["950b41dffce994f60fb39b4a37aead617a6eee80120d1ff10c1e2cad3eb17948"]
